{
	"name": "@jalai/esri-rest",
	"version": "1.0.2",
	"lockfileVersion": 1,
	"requires": true,
	"dependencies": {
		"@esri/arcgis-rest-auth": {
			"version": "3.2.1",
			"resolved": "https://registry.npmjs.org/@esri/arcgis-rest-auth/-/arcgis-rest-auth-3.2.1.tgz",
			"integrity": "sha512-qIt06uv7OCL8i8y4xXhMwpf8PB2U2q0H6v/0k4VvrECS7BD7LVprChsKvp+utEEpYpUsooFx08BaE8usV4AVXw==",
			"requires": {
				"@esri/arcgis-rest-types": "^3.2.1",
				"tslib": "^1.13.0"
			}
		},
		"@esri/arcgis-rest-request": {
			"version": "3.2.1",
			"resolved": "https://registry.npmjs.org/@esri/arcgis-rest-request/-/arcgis-rest-request-3.2.1.tgz",
			"integrity": "sha512-uO3MNwQ5qfpn5aTIZc7OPgxmYkHyEmdUPvsXxz+MCbU/bDd+fcuEVXlw9F7n0tkxkYiiajVJjgxSF+sLc1nlRA==",
			"requires": {
				"tslib": "^1.10.0"
			}
		},
		"@esri/arcgis-rest-types": {
			"version": "3.2.1",
			"resolved": "https://registry.npmjs.org/@esri/arcgis-rest-types/-/arcgis-rest-types-3.2.1.tgz",
			"integrity": "sha512-lVOAhu0qvhQEm5BFSOp8VxqxkAd5dBa7ZNXhtuDNNyELy38R0C/0zt3ri4eQLpMIZG4oip/djinOLgzAdQZzBw=="
		},
		"@types/isomorphic-form-data": {
			"version": "2.0.0",
			"resolved": "https://registry.npmjs.org/@types/isomorphic-form-data/-/isomorphic-form-data-2.0.0.tgz",
			"integrity": "sha512-A8DxJ9mtMuWuKIQImQkz+hewSFLbvUPtSVl32rHAdL+22Xn0CWPvk2zjuWSFOM8+p/YYoB5MmQThcJshp3no7A==",
			"dev": true,
			"requires": {
				"form-data": "^2.5.1"
			}
		},
		"@types/node": {
			"version": "16.4.13",
			"resolved": "https://registry.npmjs.org/@types/node/-/node-16.4.13.tgz",
			"integrity": "sha512-bLL69sKtd25w7p1nvg9pigE4gtKVpGTPojBFLMkGHXuUgap2sLqQt2qUnqmVCDfzGUL0DRNZP+1prIZJbMeAXg==",
			"dev": true
		},
		"@types/node-fetch": {
			"version": "2.5.12",
			"resolved": "https://registry.npmjs.org/@types/node-fetch/-/node-fetch-2.5.12.tgz",
			"integrity": "sha512-MKgC4dlq4kKNa/mYrwpKfzQMB5X3ee5U6fSprkKpToBqBmX4nFZL9cW5jl6sWn+xpRJ7ypWh2yyqqr8UUCstSw==",
			"dev": true,
			"requires": {
				"@types/node": "*",
				"form-data": "^3.0.0"
			},
			"dependencies": {
				"form-data": {
					"version": "3.0.1",
					"resolved": "https://registry.npmjs.org/form-data/-/form-data-3.0.1.tgz",
					"integrity": "sha512-RHkBKtLWUVwd7SqRIvCZMEvAMoGUp0XU+seQiZejj0COz3RI3hWP4sCv3gZWWLjJTd7rGwcsF5eKZGii0r/hbg==",
					"dev": true,
					"requires": {
						"asynckit": "^0.4.0",
						"combined-stream": "^1.0.8",
						"mime-types": "^2.1.12"
					}
				}
			}
		},
		"asynckit": {
			"version": "0.4.0",
			"resolved": "https://registry.npmjs.org/asynckit/-/asynckit-0.4.0.tgz",
			"integrity": "sha1-x57Zf380y48robyXkLzDZkdLS3k="
		},
		"combined-stream": {
			"version": "1.0.8",
			"resolved": "https://registry.npmjs.org/combined-stream/-/combined-stream-1.0.8.tgz",
			"integrity": "sha512-FQN4MRfuJeHf7cBbBMJFXhKSDq+2kAArBlmRBvcvFE5BB1HZKXtSFASDhdlz9zOYwxh8lDdnvmMOe/+5cdoEdg==",
			"requires": {
				"delayed-stream": "~1.0.0"
			}
		},
		"cross-fetch": {
			"version": "3.1.4",
			"resolved": "https://registry.npmjs.org/cross-fetch/-/cross-fetch-3.1.4.tgz",
			"integrity": "sha512-1eAtFWdIubi6T4XPy6ei9iUFoKpUkIF971QLN8lIvvvwueI65+Nw5haMNKUwfJxabqlIIDODJKGrQ66gxC0PbQ==",
			"requires": {
				"node-fetch": "2.6.1"
			}
		},
		"delayed-stream": {
			"version": "1.0.0",
			"resolved": "https://registry.npmjs.org/delayed-stream/-/delayed-stream-1.0.0.tgz",
			"integrity": "sha1-3zrhmayt+31ECqrgsp4icrJOxhk="
		},
		"form-data": {
			"version": "2.5.1",
			"resolved": "https://registry.npmjs.org/form-data/-/form-data-2.5.1.tgz",
			"integrity": "sha512-m21N3WOmEEURgk6B9GLOE4RuWOFf28Lhh9qGYeNlGq4VDXUlJy2th2slBNU8Gp8EzloYZOibZJ7t5ecIrFSjVA==",
			"requires": {
				"asynckit": "^0.4.0",
				"combined-stream": "^1.0.6",
				"mime-types": "^2.1.12"
			}
		},
		"isomorphic-form-data": {
			"version": "2.0.0",
			"resolved": "https://registry.npmjs.org/isomorphic-form-data/-/isomorphic-form-data-2.0.0.tgz",
			"integrity": "sha512-TYgVnXWeESVmQSg4GLVbalmQ+B4NPi/H4eWxqALKj63KsUrcu301YDjBqaOw3h+cbak7Na4Xyps3BiptHtxTfg==",
			"requires": {
				"form-data": "^2.3.2"
			}
		},
		"mime-db": {
			"version": "1.49.0",
			"resolved": "https://registry.npmjs.org/mime-db/-/mime-db-1.49.0.tgz",
			"integrity": "sha512-CIc8j9URtOVApSFCQIF+VBkX1RwXp/oMMOrqdyXSBXq5RWNEsRfyj1kiRnQgmNXmHxPoFIxOroKA3zcU9P+nAA=="
		},
		"mime-types": {
			"version": "2.1.32",
			"resolved": "https://registry.npmjs.org/mime-types/-/mime-types-2.1.32.tgz",
			"integrity": "sha512-hJGaVS4G4c9TSMYh2n6SQAGrC4RnfU+daP8G7cSCmaqNjiOoUY0VHCMS42pxnQmVF1GWwFhbHWn3RIxCqTmZ9A==",
			"requires": {
				"mime-db": "1.49.0"
			}
		},
		"node-fetch": {
			"version": "2.6.1",
			"resolved": "https://registry.npmjs.org/node-fetch/-/node-fetch-2.6.1.tgz",
			"integrity": "sha512-V4aYg89jEoVRxRb2fJdAg8FHvI7cEyYdVAh94HH0UIK8oJxUfkjlDQN9RbMx+bEjP7+ggMiFRprSti032Oipxw=="
		},
		"tslib": {
			"version": "1.14.1",
			"resolved": "https://registry.npmjs.org/tslib/-/tslib-1.14.1.tgz",
			"integrity": "sha512-Xni35NKzjgMrwevysHTCArtLDpPvye8zV/0E4EyYn43P7/7qvQwPh9BGkHewbMulVntbigmcT7rdX3BNo9wRJg=="
		}
	}
}
